
Microsoft Visual Studio Solution File, Format Version 12.00
# Visual Studio Version 17
VisualStudioVersion = 17.9.34310.174
MinimumVisualStudioVersion = 10.0.40219.1
Project("{9A19103F-16F7-4668-BE54-9A1E7A4F7556}") = "BlazorAppDashboard", "BlazorAppDashboard\BlazorAppDashboard\BlazorAppDashboard.csproj", "{72307249-699E-4244-B9FD-19080CC73538}"
EndProject
Project("{9A19103F-16F7-4668-BE54-9A1E7A4F7556}") = "BlazorAppDashboard.Client", "BlazorAppDashboard\BlazorAppDashboard.Client\BlazorAppDashboard.Client.csproj", "{912D7D19-797A-4C02-81BC-16A3A0A8D582}"
EndProject
Project("{FAE04EC0-301F-11D3-BF4B-00C04F79EFBC}") = "BlazorAppDashboard.Services", "BlazorAppDashboard.Services\BlazorAppDashboard.Services.csproj", "{D743C366-0086-498F-9E1C-06ED1B9993D2}"
EndProject
Global
	GlobalSection(SolutionConfigurationPlatforms) = preSolution
		Debug|Any CPU = Debug|Any CPU
		Release|Any CPU = Release|Any CPU
	EndGlobalSection
	GlobalSection(ProjectConfigurationPlatforms) = postSolution
		{72307249-699E-4244-B9FD-19080CC73538}.Debug|Any CPU.ActiveCfg = Debug|Any CPU
		{72307249-699E-4244-B9FD-19080CC73538}.Debug|Any CPU.Build.0 = Debug|Any CPU
		{72307249-699E-4244-B9FD-19080CC73538}.Release|Any CPU.ActiveCfg = Release|Any CPU
		{72307249-699E-4244-B9FD-19080CC73538}.Release|Any CPU.Build.0 = Release|Any CPU
		{912D7D19-797A-4C02-81BC-16A3A0A8D582}.Debug|Any CPU.ActiveCfg = Debug|Any CPU
		{912D7D19-797A-4C02-81BC-16A3A0A8D582}.Debug|Any CPU.Build.0 = Debug|Any CPU
		{912D7D19-797A-4C02-81BC-16A3A0A8D582}.Release|Any CPU.ActiveCfg = Release|Any CPU
		{912D7D19-797A-4C02-81BC-16A3A0A8D582}.Release|Any CPU.Build.0 = Release|Any CPU
		{D743C366-0086-498F-9E1C-06ED1B9993D2}.Debug|Any CPU.ActiveCfg = Debug|Any CPU
		{D743C366-0086-498F-9E1C-06ED1B9993D2}.Debug|Any CPU.Build.0 = Debug|Any CPU
		{D743C366-0086-498F-9E1C-06ED1B9993D2}.Release|Any CPU.ActiveCfg = Release|Any CPU
		{D743C366-0086-498F-9E1C-06ED1B9993D2}.Release|Any CPU.Build.0 = Release|Any CPU
	EndGlobalSection
	GlobalSection(SolutionProperties) = preSolution
		HideSolutionNode = FALSE
	EndGlobalSection
	GlobalSection(ExtensibilityGlobals) = postSolution
		SolutionGuid = {1A9F6871-096C-42B2-9ECE-3241761D0873}
	EndGlobalSection
EndGlobal
